
Microsoft Visual Studio Solution File, Format Version 12.00
# Visual Studio Version 17
VisualStudioVersion = 17.14.36408.4
MinimumVisualStudioVersion = 10.0.40219.1
Project("{FAE04EC0-301F-11D3-BF4B-00C04F79EFBC}") = "ObscurusShop.Api", "ObscurusShop.Api\ObscurusShop.Api.csproj", "{19C1E703-E3AF-46CA-B516-9CEC6EADDAEE}"
EndProject
Project("{FAE04EC0-301F-11D3-BF4B-00C04F79EFBC}") = "ObscurusShop.UI", "ObscurusShop.UI\ObscurusShop.UI.csproj", "{BFD0CB90-0C64-4BE9-95FF-BAD2837092EA}"
EndProject
Project("{FAE04EC0-301F-11D3-BF4B-00C04F79EFBC}") = "ObscurusShop.Tests", "ObscurusShop.Tests\ObscurusShop.Tests.csproj", "{5F574050-53BC-4642-84BE-12D593B76FBE}"
EndProject
Global
	GlobalSection(SolutionConfigurationPlatforms) = preSolution
		Debug|Any CPU = Debug|Any CPU
		Release|Any CPU = Release|Any CPU
	EndGlobalSection
	GlobalSection(ProjectConfigurationPlatforms) = postSolution
		{19C1E703-E3AF-46CA-B516-9CEC6EADDAEE}.Debug|Any CPU.ActiveCfg = Debug|Any CPU
		{19C1E703-E3AF-46CA-B516-9CEC6EADDAEE}.Debug|Any CPU.Build.0 = Debug|Any CPU
		{19C1E703-E3AF-46CA-B516-9CEC6EADDAEE}.Release|Any CPU.ActiveCfg = Release|Any CPU
		{19C1E703-E3AF-46CA-B516-9CEC6EADDAEE}.Release|Any CPU.Build.0 = Release|Any CPU
		{BFD0CB90-0C64-4BE9-95FF-BAD2837092EA}.Debug|Any CPU.ActiveCfg = Debug|Any CPU
		{BFD0CB90-0C64-4BE9-95FF-BAD2837092EA}.Debug|Any CPU.Build.0 = Debug|Any CPU
		{BFD0CB90-0C64-4BE9-95FF-BAD2837092EA}.Release|Any CPU.ActiveCfg = Release|Any CPU
		{BFD0CB90-0C64-4BE9-95FF-BAD2837092EA}.Release|Any CPU.Build.0 = Release|Any CPU
		{5F574050-53BC-4642-84BE-12D593B76FBE}.Debug|Any CPU.ActiveCfg = Debug|Any CPU
		{5F574050-53BC-4642-84BE-12D593B76FBE}.Debug|Any CPU.Build.0 = Debug|Any CPU
		{5F574050-53BC-4642-84BE-12D593B76FBE}.Release|Any CPU.ActiveCfg = Release|Any CPU
		{5F574050-53BC-4642-84BE-12D593B76FBE}.Release|Any CPU.Build.0 = Release|Any CPU
	EndGlobalSection
	GlobalSection(SolutionProperties) = preSolution
		HideSolutionNode = FALSE
	EndGlobalSection
	GlobalSection(ExtensibilityGlobals) = postSolution
		SolutionGuid = {42AE84FA-1D8B-4299-BB83-7E7559990B5F}
	EndGlobalSection
EndGlobal
